
Microsoft Visual Studio Solution File, Format Version 12.00
# Visual Studio Version 17
VisualStudioVersion = 17.6.33815.320
MinimumVisualStudioVersion = 10.0.40219.1
Project("{FAE04EC0-301F-11D3-BF4B-00C04F79EFBC}") = "JokesWebApp", "JokesWebApp.csproj", "{2043EAC6-5D2C-446F-84EB-1EDBB4B6B2FB}"
EndProject
Global
	GlobalSection(SolutionConfigurationPlatforms) = preSolution
		Debug|Any CPU = Debug|Any CPU
		Release|Any CPU = Release|Any CPU
	EndGlobalSection
	GlobalSection(ProjectConfigurationPlatforms) = postSolution
		{2043EAC6-5D2C-446F-84EB-1EDBB4B6B2FB}.Debug|Any CPU.ActiveCfg = Debug|Any CPU
		{2043EAC6-5D2C-446F-84EB-1EDBB4B6B2FB}.Debug|Any CPU.Build.0 = Debug|Any CPU
		{2043EAC6-5D2C-446F-84EB-1EDBB4B6B2FB}.Release|Any CPU.ActiveCfg = Release|Any CPU
		{2043EAC6-5D2C-446F-84EB-1EDBB4B6B2FB}.Release|Any CPU.Build.0 = Release|Any CPU
	EndGlobalSection
	GlobalSection(SolutionProperties) = preSolution
		HideSolutionNode = FALSE
	EndGlobalSection
	GlobalSection(ExtensibilityGlobals) = postSolution
		SolutionGuid = {E1014090-C70D-4293-98A7-36A152D3620C}
	EndGlobalSection
EndGlobal
